{
  "lockfileVersion": 1,
  "workspaces": {
    "": {
      "name": "crdt",
      "dependencies": {
        "@joint/core": "^4.1.3",
        "@types/d3": "^7.4.3",
        "@types/d3-graphviz": "^2.6.10",
        "@types/priorityqueuejs": "^1.0.4",
        "@types/seedrandom": "^3.0.8",
        "d3": "^7.9.0",
        "d3-graphviz": "^5.6.0",
        "graphviz-wasm": "^3.0.2",
        "priorityqueuejs": "^2.0.0",
        "seedrandom": "^3.0.5",
        "ts-graphviz": "^2.1.6",
      },
      "devDependencies": {
        "typescript": "~5.7.2",
        "vite": "^6.3.1",
      },
    },
  },
  "packages": {
    "@esbuild/aix-ppc64": ["@esbuild/aix-ppc64@0.25.3", "", { "os": "aix", "cpu": "ppc64" }, "sha512-W8bFfPA8DowP8l//sxjJLSLkD8iEjMc7cBVyP+u4cEv9sM7mdUCkgsj+t0n/BWPFtv7WWCN5Yzj0N6FJNUUqBQ=="],

    "@esbuild/android-arm": ["@esbuild/android-arm@0.25.3", "", { "os": "android", "cpu": "arm" }, "sha512-PuwVXbnP87Tcff5I9ngV0lmiSu40xw1At6i3GsU77U7cjDDB4s0X2cyFuBiDa1SBk9DnvWwnGvVaGBqoFWPb7A=="],

    "@esbuild/android-arm64": ["@esbuild/android-arm64@0.25.3", "", { "os": "android", "cpu": "arm64" }, "sha512-XelR6MzjlZuBM4f5z2IQHK6LkK34Cvv6Rj2EntER3lwCBFdg6h2lKbtRjpTTsdEjD/WSe1q8UyPBXP1x3i/wYQ=="],

    "@esbuild/android-x64": ["@esbuild/android-x64@0.25.3", "", { "os": "android", "cpu": "x64" }, "sha512-ogtTpYHT/g1GWS/zKM0cc/tIebFjm1F9Aw1boQ2Y0eUQ+J89d0jFY//s9ei9jVIlkYi8AfOjiixcLJSGNSOAdQ=="],

    "@esbuild/darwin-arm64": ["@esbuild/darwin-arm64@0.25.3", "", { "os": "darwin", "cpu": "arm64" }, "sha512-eESK5yfPNTqpAmDfFWNsOhmIOaQA59tAcF/EfYvo5/QWQCzXn5iUSOnqt3ra3UdzBv073ykTtmeLJZGt3HhA+w=="],

    "@esbuild/darwin-x64": ["@esbuild/darwin-x64@0.25.3", "", { "os": "darwin", "cpu": "x64" }, "sha512-Kd8glo7sIZtwOLcPbW0yLpKmBNWMANZhrC1r6K++uDR2zyzb6AeOYtI6udbtabmQpFaxJ8uduXMAo1gs5ozz8A=="],

    "@esbuild/freebsd-arm64": ["@esbuild/freebsd-arm64@0.25.3", "", { "os": "freebsd", "cpu": "arm64" }, "sha512-EJiyS70BYybOBpJth3M0KLOus0n+RRMKTYzhYhFeMwp7e/RaajXvP+BWlmEXNk6uk+KAu46j/kaQzr6au+JcIw=="],

    "@esbuild/freebsd-x64": ["@esbuild/freebsd-x64@0.25.3", "", { "os": "freebsd", "cpu": "x64" }, "sha512-Q+wSjaLpGxYf7zC0kL0nDlhsfuFkoN+EXrx2KSB33RhinWzejOd6AvgmP5JbkgXKmjhmpfgKZq24pneodYqE8Q=="],

    "@esbuild/linux-arm": ["@esbuild/linux-arm@0.25.3", "", { "os": "linux", "cpu": "arm" }, "sha512-dUOVmAUzuHy2ZOKIHIKHCm58HKzFqd+puLaS424h6I85GlSDRZIA5ycBixb3mFgM0Jdh+ZOSB6KptX30DD8YOQ=="],

    "@esbuild/linux-arm64": ["@esbuild/linux-arm64@0.25.3", "", { "os": "linux", "cpu": "arm64" }, "sha512-xCUgnNYhRD5bb1C1nqrDV1PfkwgbswTTBRbAd8aH5PhYzikdf/ddtsYyMXFfGSsb/6t6QaPSzxtbfAZr9uox4A=="],

    "@esbuild/linux-ia32": ["@esbuild/linux-ia32@0.25.3", "", { "os": "linux", "cpu": "ia32" }, "sha512-yplPOpczHOO4jTYKmuYuANI3WhvIPSVANGcNUeMlxH4twz/TeXuzEP41tGKNGWJjuMhotpGabeFYGAOU2ummBw=="],

    "@esbuild/linux-loong64": ["@esbuild/linux-loong64@0.25.3", "", { "os": "linux", "cpu": "none" }, "sha512-P4BLP5/fjyihmXCELRGrLd793q/lBtKMQl8ARGpDxgzgIKJDRJ/u4r1A/HgpBpKpKZelGct2PGI4T+axcedf6g=="],

    "@esbuild/linux-mips64el": ["@esbuild/linux-mips64el@0.25.3", "", { "os": "linux", "cpu": "none" }, "sha512-eRAOV2ODpu6P5divMEMa26RRqb2yUoYsuQQOuFUexUoQndm4MdpXXDBbUoKIc0iPa4aCO7gIhtnYomkn2x+bag=="],

    "@esbuild/linux-ppc64": ["@esbuild/linux-ppc64@0.25.3", "", { "os": "linux", "cpu": "ppc64" }, "sha512-ZC4jV2p7VbzTlnl8nZKLcBkfzIf4Yad1SJM4ZMKYnJqZFD4rTI+pBG65u8ev4jk3/MPwY9DvGn50wi3uhdaghg=="],

    "@esbuild/linux-riscv64": ["@esbuild/linux-riscv64@0.25.3", "", { "os": "linux", "cpu": "none" }, "sha512-LDDODcFzNtECTrUUbVCs6j9/bDVqy7DDRsuIXJg6so+mFksgwG7ZVnTruYi5V+z3eE5y+BJZw7VvUadkbfg7QA=="],

    "@esbuild/linux-s390x": ["@esbuild/linux-s390x@0.25.3", "", { "os": "linux", "cpu": "s390x" }, "sha512-s+w/NOY2k0yC2p9SLen+ymflgcpRkvwwa02fqmAwhBRI3SC12uiS10edHHXlVWwfAagYSY5UpmT/zISXPMW3tQ=="],

    "@esbuild/linux-x64": ["@esbuild/linux-x64@0.25.3", "", { "os": "linux", "cpu": "x64" }, "sha512-nQHDz4pXjSDC6UfOE1Fw9Q8d6GCAd9KdvMZpfVGWSJztYCarRgSDfOVBY5xwhQXseiyxapkiSJi/5/ja8mRFFA=="],

    "@esbuild/netbsd-arm64": ["@esbuild/netbsd-arm64@0.25.3", "", { "os": "none", "cpu": "arm64" }, "sha512-1QaLtOWq0mzK6tzzp0jRN3eccmN3hezey7mhLnzC6oNlJoUJz4nym5ZD7mDnS/LZQgkrhEbEiTn515lPeLpgWA=="],

    "@esbuild/netbsd-x64": ["@esbuild/netbsd-x64@0.25.3", "", { "os": "none", "cpu": "x64" }, "sha512-i5Hm68HXHdgv8wkrt+10Bc50zM0/eonPb/a/OFVfB6Qvpiirco5gBA5bz7S2SHuU+Y4LWn/zehzNX14Sp4r27g=="],

    "@esbuild/openbsd-arm64": ["@esbuild/openbsd-arm64@0.25.3", "", { "os": "openbsd", "cpu": "arm64" }, "sha512-zGAVApJEYTbOC6H/3QBr2mq3upG/LBEXr85/pTtKiv2IXcgKV0RT0QA/hSXZqSvLEpXeIxah7LczB4lkiYhTAQ=="],

    "@esbuild/openbsd-x64": ["@esbuild/openbsd-x64@0.25.3", "", { "os": "openbsd", "cpu": "x64" }, "sha512-fpqctI45NnCIDKBH5AXQBsD0NDPbEFczK98hk/aa6HJxbl+UtLkJV2+Bvy5hLSLk3LHmqt0NTkKNso1A9y1a4w=="],

    "@esbuild/sunos-x64": ["@esbuild/sunos-x64@0.25.3", "", { "os": "sunos", "cpu": "x64" }, "sha512-ROJhm7d8bk9dMCUZjkS8fgzsPAZEjtRJqCAmVgB0gMrvG7hfmPmz9k1rwO4jSiblFjYmNvbECL9uhaPzONMfgA=="],

    "@esbuild/win32-arm64": ["@esbuild/win32-arm64@0.25.3", "", { "os": "win32", "cpu": "arm64" }, "sha512-YWcow8peiHpNBiIXHwaswPnAXLsLVygFwCB3A7Bh5jRkIBFWHGmNQ48AlX4xDvQNoMZlPYzjVOQDYEzWCqufMQ=="],

    "@esbuild/win32-ia32": ["@esbuild/win32-ia32@0.25.3", "", { "os": "win32", "cpu": "ia32" }, "sha512-qspTZOIGoXVS4DpNqUYUs9UxVb04khS1Degaw/MnfMe7goQ3lTfQ13Vw4qY/Nj0979BGvMRpAYbs/BAxEvU8ew=="],

    "@esbuild/win32-x64": ["@esbuild/win32-x64@0.25.3", "", { "os": "win32", "cpu": "x64" }, "sha512-ICgUR+kPimx0vvRzf+N/7L7tVSQeE3BYY+NhHRHXS1kBuPO7z2+7ea2HbhDyZdTephgvNvKrlDDKUexuCVBVvg=="],

    "@hpcc-js/wasm": ["@hpcc-js/wasm@2.22.4", "", { "dependencies": { "yargs": "17.7.2" }, "bin": { "dot-wasm": "node ./node_modules/@hpcc-js/wasm-graphviz-cli/bin/index.js" } }, "sha512-58JkRkxZffiBAbZhc7z+9iaaAOmn1cyxLL3rRwsUvco/I0Wwb7uVAlHM9HiU6XASe2k11jrIjCFff1t9QKjlqg=="],

    "@joint/core": ["@joint/core@4.1.3", "", {}, "sha512-X769blCoVxtx6NNm/cbHDXDOa+Gt7eZwrJMLnqJw8c5NkjmcYWCY1kA3ep8RfRRVG76f3QLNd9a8Q/aItI/WWw=="],

    "@rollup/rollup-android-arm-eabi": ["@rollup/rollup-android-arm-eabi@4.40.1", "", { "os": "android", "cpu": "arm" }, "sha512-kxz0YeeCrRUHz3zyqvd7n+TVRlNyTifBsmnmNPtk3hQURUyG9eAB+usz6DAwagMusjx/zb3AjvDUvhFGDAexGw=="],

    "@rollup/rollup-android-arm64": ["@rollup/rollup-android-arm64@4.40.1", "", { "os": "android", "cpu": "arm64" }, "sha512-PPkxTOisoNC6TpnDKatjKkjRMsdaWIhyuMkA4UsBXT9WEZY4uHezBTjs6Vl4PbqQQeu6oION1w2voYZv9yquCw=="],

    "@rollup/rollup-darwin-arm64": ["@rollup/rollup-darwin-arm64@4.40.1", "", { "os": "darwin", "cpu": "arm64" }, "sha512-VWXGISWFY18v/0JyNUy4A46KCFCb9NVsH+1100XP31lud+TzlezBbz24CYzbnA4x6w4hx+NYCXDfnvDVO6lcAA=="],

    "@rollup/rollup-darwin-x64": ["@rollup/rollup-darwin-x64@4.40.1", "", { "os": "darwin", "cpu": "x64" }, "sha512-nIwkXafAI1/QCS7pxSpv/ZtFW6TXcNUEHAIA9EIyw5OzxJZQ1YDrX+CL6JAIQgZ33CInl1R6mHet9Y/UZTg2Bw=="],

    "@rollup/rollup-freebsd-arm64": ["@rollup/rollup-freebsd-arm64@4.40.1", "", { "os": "freebsd", "cpu": "arm64" }, "sha512-BdrLJ2mHTrIYdaS2I99mriyJfGGenSaP+UwGi1kB9BLOCu9SR8ZpbkmmalKIALnRw24kM7qCN0IOm6L0S44iWw=="],

    "@rollup/rollup-freebsd-x64": ["@rollup/rollup-freebsd-x64@4.40.1", "", { "os": "freebsd", "cpu": "x64" }, "sha512-VXeo/puqvCG8JBPNZXZf5Dqq7BzElNJzHRRw3vjBE27WujdzuOPecDPc/+1DcdcTptNBep3861jNq0mYkT8Z6Q=="],

    "@rollup/rollup-linux-arm-gnueabihf": ["@rollup/rollup-linux-arm-gnueabihf@4.40.1", "", { "os": "linux", "cpu": "arm" }, "sha512-ehSKrewwsESPt1TgSE/na9nIhWCosfGSFqv7vwEtjyAqZcvbGIg4JAcV7ZEh2tfj/IlfBeZjgOXm35iOOjadcg=="],

    "@rollup/rollup-linux-arm-musleabihf": ["@rollup/rollup-linux-arm-musleabihf@4.40.1", "", { "os": "linux", "cpu": "arm" }, "sha512-m39iO/aaurh5FVIu/F4/Zsl8xppd76S4qoID8E+dSRQvTyZTOI2gVk3T4oqzfq1PtcvOfAVlwLMK3KRQMaR8lg=="],

    "@rollup/rollup-linux-arm64-gnu": ["@rollup/rollup-linux-arm64-gnu@4.40.1", "", { "os": "linux", "cpu": "arm64" }, "sha512-Y+GHnGaku4aVLSgrT0uWe2o2Rq8te9hi+MwqGF9r9ORgXhmHK5Q71N757u0F8yU1OIwUIFy6YiJtKjtyktk5hg=="],

    "@rollup/rollup-linux-arm64-musl": ["@rollup/rollup-linux-arm64-musl@4.40.1", "", { "os": "linux", "cpu": "arm64" }, "sha512-jEwjn3jCA+tQGswK3aEWcD09/7M5wGwc6+flhva7dsQNRZZTe30vkalgIzV4tjkopsTS9Jd7Y1Bsj6a4lzz8gQ=="],

    "@rollup/rollup-linux-loongarch64-gnu": ["@rollup/rollup-linux-loongarch64-gnu@4.40.1", "", { "os": "linux", "cpu": "none" }, "sha512-ySyWikVhNzv+BV/IDCsrraOAZ3UaC8SZB67FZlqVwXwnFhPihOso9rPOxzZbjp81suB1O2Topw+6Ug3JNegejQ=="],

    "@rollup/rollup-linux-powerpc64le-gnu": ["@rollup/rollup-linux-powerpc64le-gnu@4.40.1", "", { "os": "linux", "cpu": "ppc64" }, "sha512-BvvA64QxZlh7WZWqDPPdt0GH4bznuL6uOO1pmgPnnv86rpUpc8ZxgZwcEgXvo02GRIZX1hQ0j0pAnhwkhwPqWg=="],

    "@rollup/rollup-linux-riscv64-gnu": ["@rollup/rollup-linux-riscv64-gnu@4.40.1", "", { "os": "linux", "cpu": "none" }, "sha512-EQSP+8+1VuSulm9RKSMKitTav89fKbHymTf25n5+Yr6gAPZxYWpj3DzAsQqoaHAk9YX2lwEyAf9S4W8F4l3VBQ=="],

    "@rollup/rollup-linux-riscv64-musl": ["@rollup/rollup-linux-riscv64-musl@4.40.1", "", { "os": "linux", "cpu": "none" }, "sha512-n/vQ4xRZXKuIpqukkMXZt9RWdl+2zgGNx7Uda8NtmLJ06NL8jiHxUawbwC+hdSq1rrw/9CghCpEONor+l1e2gA=="],

    "@rollup/rollup-linux-s390x-gnu": ["@rollup/rollup-linux-s390x-gnu@4.40.1", "", { "os": "linux", "cpu": "s390x" }, "sha512-h8d28xzYb98fMQKUz0w2fMc1XuGzLLjdyxVIbhbil4ELfk5/orZlSTpF/xdI9C8K0I8lCkq+1En2RJsawZekkg=="],

    "@rollup/rollup-linux-x64-gnu": ["@rollup/rollup-linux-x64-gnu@4.40.1", "", { "os": "linux", "cpu": "x64" }, "sha512-XiK5z70PEFEFqcNj3/zRSz/qX4bp4QIraTy9QjwJAb/Z8GM7kVUsD0Uk8maIPeTyPCP03ChdI+VVmJriKYbRHQ=="],

    "@rollup/rollup-linux-x64-musl": ["@rollup/rollup-linux-x64-musl@4.40.1", "", { "os": "linux", "cpu": "x64" }, "sha512-2BRORitq5rQ4Da9blVovzNCMaUlyKrzMSvkVR0D4qPuOy/+pMCrh1d7o01RATwVy+6Fa1WBw+da7QPeLWU/1mQ=="],

    "@rollup/rollup-win32-arm64-msvc": ["@rollup/rollup-win32-arm64-msvc@4.40.1", "", { "os": "win32", "cpu": "arm64" }, "sha512-b2bcNm9Kbde03H+q+Jjw9tSfhYkzrDUf2d5MAd1bOJuVplXvFhWz7tRtWvD8/ORZi7qSCy0idW6tf2HgxSXQSg=="],

    "@rollup/rollup-win32-ia32-msvc": ["@rollup/rollup-win32-ia32-msvc@4.40.1", "", { "os": "win32", "cpu": "ia32" }, "sha512-DfcogW8N7Zg7llVEfpqWMZcaErKfsj9VvmfSyRjCyo4BI3wPEfrzTtJkZG6gKP/Z92wFm6rz2aDO7/JfiR/whA=="],

    "@rollup/rollup-win32-x64-msvc": ["@rollup/rollup-win32-x64-msvc@4.40.1", "", { "os": "win32", "cpu": "x64" }, "sha512-ECyOuDeH3C1I8jH2MK1RtBJW+YPMvSfT0a5NN0nHfQYnDSJ6tUiZH3gzwVP5/Kfh/+Tt7tpWVF9LXNTnhTJ3kA=="],

    "@ts-graphviz/adapter": ["@ts-graphviz/adapter@2.0.6", "", { "dependencies": { "@ts-graphviz/common": "^2.1.5" } }, "sha512-kJ10lIMSWMJkLkkCG5gt927SnGZcBuG0s0HHswGzcHTgvtUe7yk5/3zTEr0bafzsodsOq5Gi6FhQeV775nC35Q=="],

    "@ts-graphviz/ast": ["@ts-graphviz/ast@2.0.7", "", { "dependencies": { "@ts-graphviz/common": "^2.1.5" } }, "sha512-e6+2qtNV99UT6DJSoLbHfkzfyqY84aIuoV8Xlb9+hZAjgpum8iVHprGeAMQ4rF6sKUAxrmY8rfF/vgAwoPc3gw=="],

    "@ts-graphviz/common": ["@ts-graphviz/common@2.1.5", "", {}, "sha512-S6/9+T6x8j6cr/gNhp+U2olwo1n0jKj/682QVqsh7yXWV6ednHYqxFw0ZsY3LyzT0N8jaZ6jQY9YD99le3cmvg=="],

    "@ts-graphviz/core": ["@ts-graphviz/core@2.0.7", "", { "dependencies": { "@ts-graphviz/ast": "^2.0.7", "@ts-graphviz/common": "^2.1.5" } }, "sha512-w071DSzP94YfN6XiWhOxnLpYT3uqtxJBDYdh6Jdjzt+Ce6DNspJsPQgpC7rbts/B8tEkq0LHoYuIF/O5Jh5rPg=="],

    "@types/d3": ["@types/d3@7.4.3", "", { "dependencies": { "@types/d3-array": "*", "@types/d3-axis": "*", "@types/d3-brush": "*", "@types/d3-chord": "*", "@types/d3-color": "*", "@types/d3-contour": "*", "@types/d3-delaunay": "*", "@types/d3-dispatch": "*", "@types/d3-drag": "*", "@types/d3-dsv": "*", "@types/d3-ease": "*", "@types/d3-fetch": "*", "@types/d3-force": "*", "@types/d3-format": "*", "@types/d3-geo": "*", "@types/d3-hierarchy": "*", "@types/d3-interpolate": "*", "@types/d3-path": "*", "@types/d3-polygon": "*", "@types/d3-quadtree": "*", "@types/d3-random": "*", "@types/d3-scale": "*", "@types/d3-scale-chromatic": "*", "@types/d3-selection": "*", "@types/d3-shape": "*", "@types/d3-time": "*", "@types/d3-time-format": "*", "@types/d3-timer": "*", "@types/d3-transition": "*", "@types/d3-zoom": "*" } }, "sha512-lZXZ9ckh5R8uiFVt8ogUNf+pIrK4EsWrx2Np75WvF/eTpJ0FMHNhjXk8CKEx/+gpHbNQyJWehbFaTvqmHWB3ww=="],

    "@types/d3-array": ["@types/d3-array@3.2.1", "", {}, "sha512-Y2Jn2idRrLzUfAKV2LyRImR+y4oa2AntrgID95SHJxuMUrkNXmanDSed71sRNZysveJVt1hLLemQZIady0FpEg=="],

    "@types/d3-axis": ["@types/d3-axis@3.0.6", "", { "dependencies": { "@types/d3-selection": "*" } }, "sha512-pYeijfZuBd87T0hGn0FO1vQ/cgLk6E1ALJjfkC0oJ8cbwkZl3TpgS8bVBLZN+2jjGgg38epgxb2zmoGtSfvgMw=="],

    "@types/d3-brush": ["@types/d3-brush@3.0.6", "", { "dependencies": { "@types/d3-selection": "*" } }, "sha512-nH60IZNNxEcrh6L1ZSMNA28rj27ut/2ZmI3r96Zd+1jrZD++zD3LsMIjWlvg4AYrHn/Pqz4CF3veCxGjtbqt7A=="],

    "@types/d3-chord": ["@types/d3-chord@3.0.6", "", {}, "sha512-LFYWWd8nwfwEmTZG9PfQxd17HbNPksHBiJHaKuY1XeqscXacsS2tyoo6OdRsjf+NQYeB6XrNL3a25E3gH69lcg=="],

    "@types/d3-color": ["@types/d3-color@1.4.5", "", {}, "sha512-5sNP3DmtSnSozxcjqmzQKsDOuVJXZkceo1KJScDc1982kk/TS9mTPc6lpli1gTu1MIBF1YWutpHpjucNWcIj5g=="],

    "@types/d3-contour": ["@types/d3-contour@3.0.6", "", { "dependencies": { "@types/d3-array": "*", "@types/geojson": "*" } }, "sha512-BjzLgXGnCWjUSYGfH1cpdo41/hgdWETu4YxpezoztawmqsvCeep+8QGfiY6YbDvfgHz/DkjeIkkZVJavB4a3rg=="],

    "@types/d3-delaunay": ["@types/d3-delaunay@6.0.4", "", {}, "sha512-ZMaSKu4THYCU6sV64Lhg6qjf1orxBthaC161plr5KuPHo3CNm8DTHiLw/5Eq2b6TsNP0W0iJrUOFscY6Q450Hw=="],

    "@types/d3-dispatch": ["@types/d3-dispatch@3.0.6", "", {}, "sha512-4fvZhzMeeuBJYZXRXrRIQnvUYfyXwYmLsdiN7XXmVNQKKw1cM8a5WdID0g1hVFZDqT9ZqZEY5pD44p24VS7iZQ=="],

    "@types/d3-drag": ["@types/d3-drag@3.0.7", "", { "dependencies": { "@types/d3-selection": "*" } }, "sha512-HE3jVKlzU9AaMazNufooRJ5ZpWmLIoc90A37WU2JMmeq28w1FQqCZswHZ3xR+SuxYftzHq6WU6KJHvqxKzTxxQ=="],

    "@types/d3-dsv": ["@types/d3-dsv@3.0.7", "", {}, "sha512-n6QBF9/+XASqcKK6waudgL0pf/S5XHPPI8APyMLLUHd8NqouBGLsU8MgtO7NINGtPBtk9Kko/W4ea0oAspwh9g=="],

    "@types/d3-ease": ["@types/d3-ease@3.0.2", "", {}, "sha512-NcV1JjO5oDzoK26oMzbILE6HW7uVXOHLQvHshBUW4UMdZGfiY6v5BeQwh9a9tCzv+CeefZQHJt5SRgK154RtiA=="],

    "@types/d3-fetch": ["@types/d3-fetch@3.0.7", "", { "dependencies": { "@types/d3-dsv": "*" } }, "sha512-fTAfNmxSb9SOWNB9IoG5c8Hg6R+AzUHDRlsXsDZsNp6sxAEOP0tkP3gKkNSO/qmHPoBFTxNrjDprVHDQDvo5aA=="],

    "@types/d3-force": ["@types/d3-force@3.0.10", "", {}, "sha512-ZYeSaCF3p73RdOKcjj+swRlZfnYpK1EbaDiYICEEp5Q6sUiqFaFQ9qgoshp5CzIyyb/yD09kD9o2zEltCexlgw=="],

    "@types/d3-format": ["@types/d3-format@3.0.4", "", {}, "sha512-fALi2aI6shfg7vM5KiR1wNJnZ7r6UuggVqtDA+xiEdPZQwy/trcQaHnwShLuLdta2rTymCNpxYTiMZX/e09F4g=="],

    "@types/d3-geo": ["@types/d3-geo@3.1.0", "", { "dependencies": { "@types/geojson": "*" } }, "sha512-856sckF0oP/diXtS4jNsiQw/UuK5fQG8l/a9VVLeSouf1/PPbBE1i1W852zVwKwYCBkFJJB7nCFTbk6UMEXBOQ=="],

    "@types/d3-graphviz": ["@types/d3-graphviz@2.6.10", "", { "dependencies": { "@types/d3-selection": "^1", "@types/d3-transition": "^1", "@types/d3-zoom": "^1" } }, "sha512-YsCRqNqS8QLlsKtF0FGIz42Z47B0sBIxMMn7L4ZdqZcrdk4foJOEPwwMH50Qe2PuZmSSZcWbdgUnj5W68xK0Qw=="],

    "@types/d3-hierarchy": ["@types/d3-hierarchy@3.1.7", "", {}, "sha512-tJFtNoYBtRtkNysX1Xq4sxtjK8YgoWUNpIiUee0/jHGRwqvzYxkq0hGVbbOGSz+JgFxxRu4K8nb3YpG3CMARtg=="],

    "@types/d3-interpolate": ["@types/d3-interpolate@1.4.5", "", { "dependencies": { "@types/d3-color": "^1" } }, "sha512-k9L18hXXv7OvK4PqW1kSFYIzasGOvfhPUWmHFkoZ8/ci99EAmY4HoF6zMefrHl0SGV7XYc7Qq2MNh8dK3edg5A=="],

    "@types/d3-path": ["@types/d3-path@3.1.1", "", {}, "sha512-VMZBYyQvbGmWyWVea0EHs/BwLgxc+MKi1zLDCONksozI4YJMcTt8ZEuIR4Sb1MMTE8MMW49v0IwI5+b7RmfWlg=="],

    "@types/d3-polygon": ["@types/d3-polygon@3.0.2", "", {}, "sha512-ZuWOtMaHCkN9xoeEMr1ubW2nGWsp4nIql+OPQRstu4ypeZ+zk3YKqQT0CXVe/PYqrKpZAi+J9mTs05TKwjXSRA=="],

    "@types/d3-quadtree": ["@types/d3-quadtree@3.0.6", "", {}, "sha512-oUzyO1/Zm6rsxKRHA1vH0NEDG58HrT5icx/azi9MF1TWdtttWl0UIUsjEQBBh+SIkrpd21ZjEv7ptxWys1ncsg=="],

    "@types/d3-random": ["@types/d3-random@3.0.3", "", {}, "sha512-Imagg1vJ3y76Y2ea0871wpabqp613+8/r0mCLEBfdtqC7xMSfj9idOnmBYyMoULfHePJyxMAw3nWhJxzc+LFwQ=="],

    "@types/d3-scale": ["@types/d3-scale@4.0.9", "", { "dependencies": { "@types/d3-time": "*" } }, "sha512-dLmtwB8zkAeO/juAMfnV+sItKjlsw2lKdZVVy6LRr0cBmegxSABiLEpGVmSJJ8O08i4+sGR6qQtb6WtuwJdvVw=="],

    "@types/d3-scale-chromatic": ["@types/d3-scale-chromatic@3.1.0", "", {}, "sha512-iWMJgwkK7yTRmWqRB5plb1kadXyQ5Sj8V/zYlFGMUBbIPKQScw+Dku9cAAMgJG+z5GYDoMjWGLVOvjghDEFnKQ=="],

    "@types/d3-selection": ["@types/d3-selection@1.4.7", "", {}, "sha512-aLaTOjdOJEFPhij59NdNwppvpHBheZFlLbcb7cIZZYLC0he9Wmdd/u4+1NZxlr7ncK+mq1PLmowMPw1GONrIQg=="],

    "@types/d3-shape": ["@types/d3-shape@3.1.7", "", { "dependencies": { "@types/d3-path": "*" } }, "sha512-VLvUQ33C+3J+8p+Daf+nYSOsjB4GXp19/S/aGo60m9h1v6XaxjiT82lKVWJCfzhtuZ3yD7i/TPeC/fuKLLOSmg=="],

    "@types/d3-time": ["@types/d3-time@3.0.4", "", {}, "sha512-yuzZug1nkAAaBlBBikKZTgzCeA+k1uy4ZFwWANOfKw5z5LRhV0gNA7gNkKm7HoK+HRN0wX3EkxGk0fpbWhmB7g=="],

    "@types/d3-time-format": ["@types/d3-time-format@4.0.3", "", {}, "sha512-5xg9rC+wWL8kdDj153qZcsJ0FWiFt0J5RB6LYUNZjwSnesfblqrI/bJ1wBdJ8OQfncgbJG5+2F+qfqnqyzYxyg=="],

    "@types/d3-timer": ["@types/d3-timer@3.0.2", "", {}, "sha512-Ps3T8E8dZDam6fUyNiMkekK3XUsaUEik+idO9/YjPtfj2qruF8tFBXS7XhtE4iIXBLxhmLjP3SXpLhVf21I9Lw=="],

    "@types/d3-transition": ["@types/d3-transition@1.3.6", "", { "dependencies": { "@types/d3-selection": "^1" } }, "sha512-Y8NwxuHV4ElbCkN7tJcuwENYKiAL+ktU6tNDLHqZ141YsaT3kwa5ZA5eqiJwHYWQzXMjF+FgL6/Sxo9IGSwmNQ=="],

    "@types/d3-zoom": ["@types/d3-zoom@1.8.7", "", { "dependencies": { "@types/d3-interpolate": "^1", "@types/d3-selection": "^1" } }, "sha512-HJWci3jXwFIuFKDqGn5PmuwrhZvuFdrnUmtSKCLXFAWyf2lAIUKMKh1/lHOkWBl/f4KVupGricJiqkQy+cVTog=="],

    "@types/estree": ["@types/estree@1.0.7", "", {}, "sha512-w28IoSUCJpidD/TGviZwwMJckNESJZXFu7NBZ5YJ4mEUnNraUn9Pm8HSZm/jDF1pDWYKspWE7oVphigUPRakIQ=="],

    "@types/geojson": ["@types/geojson@7946.0.16", "", {}, "sha512-6C8nqWur3j98U6+lXDfTUWIfgvZU+EumvpHKcYjujKH7woYyLj2sUmff0tRhrqM7BohUw7Pz3ZB1jj2gW9Fvmg=="],

    "@types/priorityqueuejs": ["@types/priorityqueuejs@1.0.4", "", {}, "sha512-LqAAiGnUqQvBZW0hTGl0pIaL+UeN7KvcxkLyt8+H++WBA1hucdu463mVfGCXmXvJ+uGyW3SyCyW0D6ANNcmB6g=="],

    "@types/seedrandom": ["@types/seedrandom@3.0.8", "", {}, "sha512-TY1eezMU2zH2ozQoAFAQFOPpvP15g+ZgSfTZt31AUUH/Rxtnz3H+A/Sv1Snw2/amp//omibc+AEkTaA8KUeOLQ=="],

    "ansi-regex": ["ansi-regex@5.0.1", "", {}, "sha512-quJQXlTSUGL2LH9SUXo8VwsY4soanhgo6LNSm84E1LBcE8s3O0wpdiRzyR9z/ZZJMlMWv37qOOb9pdJlMUEKFQ=="],

    "ansi-styles": ["ansi-styles@4.3.0", "", { "dependencies": { "color-convert": "^2.0.1" } }, "sha512-zbB9rCJAT1rbjiVDb2hqKFHNYLxgtk8NURxZ3IZwD3F6NtxbXZQCnnSi1Lkx+IDohdPlFp222wVALIheZJQSEg=="],

    "cliui": ["cliui@8.0.1", "", { "dependencies": { "string-width": "^4.2.0", "strip-ansi": "^6.0.1", "wrap-ansi": "^7.0.0" } }, "sha512-BSeNnyus75C4//NQ9gQt1/csTXyo/8Sb+afLAkzAptFuMsod9HFokGNudZpi/oQV73hnVK+sR+5PVRMd+Dr7YQ=="],

    "color-convert": ["color-convert@2.0.1", "", { "dependencies": { "color-name": "~1.1.4" } }, "sha512-RRECPsj7iu/xb5oKYcsFHSppFNnsj/52OVTRKb4zP5onXwVF3zVmmToNcOfGC+CRDpfK/U584fMg38ZHCaElKQ=="],

    "color-name": ["color-name@1.1.4", "", {}, "sha512-dOy+3AuW3a2wNbZHIuMZpTcgjGuLU/uBL/ubcZF9OXbDo8ff4O8yVp5Bf0efS8uEoYo5q4Fx7dY9OgQGXgAsQA=="],

    "commander": ["commander@7.2.0", "", {}, "sha512-QrWXB+ZQSVPmIWIhtEO9H+gwHaMGYiF5ChvoJ+K9ZGHG/sVsa6yiesAD1GC/x46sET00Xlwo1u49RVVVzvcSkw=="],

    "d3": ["d3@7.9.0", "", { "dependencies": { "d3-array": "3", "d3-axis": "3", "d3-brush": "3", "d3-chord": "3", "d3-color": "3", "d3-contour": "4", "d3-delaunay": "6", "d3-dispatch": "3", "d3-drag": "3", "d3-dsv": "3", "d3-ease": "3", "d3-fetch": "3", "d3-force": "3", "d3-format": "3", "d3-geo": "3", "d3-hierarchy": "3", "d3-interpolate": "3", "d3-path": "3", "d3-polygon": "3", "d3-quadtree": "3", "d3-random": "3", "d3-scale": "4", "d3-scale-chromatic": "3", "d3-selection": "3", "d3-shape": "3", "d3-time": "3", "d3-time-format": "4", "d3-timer": "3", "d3-transition": "3", "d3-zoom": "3" } }, "sha512-e1U46jVP+w7Iut8Jt8ri1YsPOvFpg46k+K8TpCb0P+zjCkjkPnV7WzfDJzMHy1LnA+wj5pLT1wjO901gLXeEhA=="],

    "d3-array": ["d3-array@3.2.4", "", { "dependencies": { "internmap": "1 - 2" } }, "sha512-tdQAmyA18i4J7wprpYq8ClcxZy3SC31QMeByyCFyRt7BVHdREQZ5lpzoe5mFEYZUWe+oq8HBvk9JjpibyEV4Jg=="],

    "d3-axis": ["d3-axis@3.0.0", "", {}, "sha512-IH5tgjV4jE/GhHkRV0HiVYPDtvfjHQlQfJHs0usq7M30XcSBvOotpmH1IgkcXsO/5gEQZD43B//fc7SRT5S+xw=="],

    "d3-brush": ["d3-brush@3.0.0", "", { "dependencies": { "d3-dispatch": "1 - 3", "d3-drag": "2 - 3", "d3-interpolate": "1 - 3", "d3-selection": "3", "d3-transition": "3" } }, "sha512-ALnjWlVYkXsVIGlOsuWH1+3udkYFI48Ljihfnh8FZPF2QS9o+PzGLBslO0PjzVoHLZ2KCVgAM8NVkXPJB2aNnQ=="],

    "d3-chord": ["d3-chord@3.0.1", "", { "dependencies": { "d3-path": "1 - 3" } }, "sha512-VE5S6TNa+j8msksl7HwjxMHDM2yNK3XCkusIlpX5kwauBfXuyLAtNg9jCp/iHH61tgI4sb6R/EIMWCqEIdjT/g=="],

    "d3-color": ["d3-color@3.1.0", "", {}, "sha512-zg/chbXyeBtMQ1LbD/WSoW2DpC3I0mpmPdW+ynRTj/x2DAWYrIY7qeZIHidozwV24m4iavr15lNwIwLxRmOxhA=="],

    "d3-contour": ["d3-contour@4.0.2", "", { "dependencies": { "d3-array": "^3.2.0" } }, "sha512-4EzFTRIikzs47RGmdxbeUvLWtGedDUNkTcmzoeyg4sP/dvCexO47AaQL7VKy/gul85TOxw+IBgA8US2xwbToNA=="],

    "d3-delaunay": ["d3-delaunay@6.0.4", "", { "dependencies": { "delaunator": "5" } }, "sha512-mdjtIZ1XLAM8bm/hx3WwjfHt6Sggek7qH043O8KEjDXN40xi3vx/6pYSVTwLjEgiXQTbvaouWKynLBiUZ6SK6A=="],

    "d3-dispatch": ["d3-dispatch@3.0.1", "", {}, "sha512-rzUyPU/S7rwUflMyLc1ETDeBj0NRuHKKAcvukozwhshr6g6c5d8zh4c2gQjY2bZ0dXeGLWc1PF174P2tVvKhfg=="],

    "d3-drag": ["d3-drag@3.0.0", "", { "dependencies": { "d3-dispatch": "1 - 3", "d3-selection": "3" } }, "sha512-pWbUJLdETVA8lQNJecMxoXfH6x+mO2UQo8rSmZ+QqxcbyA3hfeprFgIT//HW2nlHChWeIIMwS2Fq+gEARkhTkg=="],

    "d3-dsv": ["d3-dsv@3.0.1", "", { "dependencies": { "commander": "7", "iconv-lite": "0.6", "rw": "1" }, "bin": { "csv2json": "bin/dsv2json.js", "csv2tsv": "bin/dsv2dsv.js", "dsv2dsv": "bin/dsv2dsv.js", "dsv2json": "bin/dsv2json.js", "json2csv": "bin/json2dsv.js", "json2dsv": "bin/json2dsv.js", "json2tsv": "bin/json2dsv.js", "tsv2csv": "bin/dsv2dsv.js", "tsv2json": "bin/dsv2json.js" } }, "sha512-UG6OvdI5afDIFP9w4G0mNq50dSOsXHJaRE8arAS5o9ApWnIElp8GZw1Dun8vP8OyHOZ/QJUKUJwxiiCCnUwm+Q=="],

    "d3-ease": ["d3-ease@3.0.1", "", {}, "sha512-wR/XK3D3XcLIZwpbvQwQ5fK+8Ykds1ip7A2Txe0yxncXSdq1L9skcG7blcedkOX+ZcgxGAmLX1FrRGbADwzi0w=="],

    "d3-fetch": ["d3-fetch@3.0.1", "", { "dependencies": { "d3-dsv": "1 - 3" } }, "sha512-kpkQIM20n3oLVBKGg6oHrUchHM3xODkTzjMoj7aWQFq5QEM+R6E4WkzT5+tojDY7yjez8KgCBRoj4aEr99Fdqw=="],

    "d3-force": ["d3-force@3.0.0", "", { "dependencies": { "d3-dispatch": "1 - 3", "d3-quadtree": "1 - 3", "d3-timer": "1 - 3" } }, "sha512-zxV/SsA+U4yte8051P4ECydjD/S+qeYtnaIyAs9tgHCqfguma/aAQDjo85A9Z6EKhBirHRJHXIgJUlffT4wdLg=="],

    "d3-format": ["d3-format@3.1.0", "", {}, "sha512-YyUI6AEuY/Wpt8KWLgZHsIU86atmikuoOmCfommt0LYHiQSPjvX2AcFc38PX0CBpr2RCyZhjex+NS/LPOv6YqA=="],

    "d3-geo": ["d3-geo@3.1.1", "", { "dependencies": { "d3-array": "2.5.0 - 3" } }, "sha512-637ln3gXKXOwhalDzinUgY83KzNWZRKbYubaG+fGVuc/dxO64RRljtCTnf5ecMyE1RIdtqpkVcq0IbtU2S8j2Q=="],

    "d3-graphviz": ["d3-graphviz@5.6.0", "", { "dependencies": { "@hpcc-js/wasm": "^2.20.0", "d3-dispatch": "^3.0.1", "d3-format": "^3.1.0", "d3-interpolate": "^3.0.1", "d3-path": "^3.1.0", "d3-timer": "^3.0.1", "d3-transition": "^3.0.1", "d3-zoom": "^3.0.0" }, "peerDependencies": { "d3-selection": "^3.0.0" } }, "sha512-46OOyRv5Ioo9kZBc919FVIYPD/ObtdSZxOK1hv+qwmD7TunpPvvmsI1dSdxhVgH4GragJxFZ31+TQC5aOuXzzw=="],

    "d3-hierarchy": ["d3-hierarchy@3.1.2", "", {}, "sha512-FX/9frcub54beBdugHjDCdikxThEqjnR93Qt7PvQTOHxyiNCAlvMrHhclk3cD5VeAaq9fxmfRp+CnWw9rEMBuA=="],

    "d3-interpolate": ["d3-interpolate@3.0.1", "", { "dependencies": { "d3-color": "1 - 3" } }, "sha512-3bYs1rOD33uo8aqJfKP3JWPAibgw8Zm2+L9vBKEHJ2Rg+viTR7o5Mmv5mZcieN+FRYaAOWX5SJATX6k1PWz72g=="],

    "d3-path": ["d3-path@3.1.0", "", {}, "sha512-p3KP5HCf/bvjBSSKuXid6Zqijx7wIfNW+J/maPs+iwR35at5JCbLUT0LzF1cnjbCHWhqzQTIN2Jpe8pRebIEFQ=="],

    "d3-polygon": ["d3-polygon@3.0.1", "", {}, "sha512-3vbA7vXYwfe1SYhED++fPUQlWSYTTGmFmQiany/gdbiWgU/iEyQzyymwL9SkJjFFuCS4902BSzewVGsHHmHtXg=="],

    "d3-quadtree": ["d3-quadtree@3.0.1", "", {}, "sha512-04xDrxQTDTCFwP5H6hRhsRcb9xxv2RzkcsygFzmkSIOJy3PeRJP7sNk3VRIbKXcog561P9oU0/rVH6vDROAgUw=="],

    "d3-random": ["d3-random@3.0.1", "", {}, "sha512-FXMe9GfxTxqd5D6jFsQ+DJ8BJS4E/fT5mqqdjovykEB2oFbTMDVdg1MGFxfQW+FBOGoB++k8swBrgwSHT1cUXQ=="],

    "d3-scale": ["d3-scale@4.0.2", "", { "dependencies": { "d3-array": "2.10.0 - 3", "d3-format": "1 - 3", "d3-interpolate": "1.2.0 - 3", "d3-time": "2.1.1 - 3", "d3-time-format": "2 - 4" } }, "sha512-GZW464g1SH7ag3Y7hXjf8RoUuAFIqklOAq3MRl4OaWabTFJY9PN/E1YklhXLh+OQ3fM9yS2nOkCoS+WLZ6kvxQ=="],

    "d3-scale-chromatic": ["d3-scale-chromatic@3.1.0", "", { "dependencies": { "d3-color": "1 - 3", "d3-interpolate": "1 - 3" } }, "sha512-A3s5PWiZ9YCXFye1o246KoscMWqf8BsD9eRiJ3He7C9OBaxKhAd5TFCdEx/7VbKtxxTsu//1mMJFrEt572cEyQ=="],

    "d3-selection": ["d3-selection@3.0.0", "", {}, "sha512-fmTRWbNMmsmWq6xJV8D19U/gw/bwrHfNXxrIN+HfZgnzqTHp9jOmKMhsTUjXOJnZOdZY9Q28y4yebKzqDKlxlQ=="],

    "d3-shape": ["d3-shape@3.2.0", "", { "dependencies": { "d3-path": "^3.1.0" } }, "sha512-SaLBuwGm3MOViRq2ABk3eLoxwZELpH6zhl3FbAoJ7Vm1gofKx6El1Ib5z23NUEhF9AsGl7y+dzLe5Cw2AArGTA=="],

    "d3-time": ["d3-time@3.1.0", "", { "dependencies": { "d3-array": "2 - 3" } }, "sha512-VqKjzBLejbSMT4IgbmVgDjpkYrNWUYJnbCGo874u7MMKIWsILRX+OpX/gTk8MqjpT1A/c6HY2dCA77ZN0lkQ2Q=="],

    "d3-time-format": ["d3-time-format@4.1.0", "", { "dependencies": { "d3-time": "1 - 3" } }, "sha512-dJxPBlzC7NugB2PDLwo9Q8JiTR3M3e4/XANkreKSUxF8vvXKqm1Yfq4Q5dl8budlunRVlUUaDUgFt7eA8D6NLg=="],

    "d3-timer": ["d3-timer@3.0.1", "", {}, "sha512-ndfJ/JxxMd3nw31uyKoY2naivF+r29V+Lc0svZxe1JvvIRmi8hUsrMvdOwgS1o6uBHmiz91geQ0ylPP0aj1VUA=="],

    "d3-transition": ["d3-transition@3.0.1", "", { "dependencies": { "d3-color": "1 - 3", "d3-dispatch": "1 - 3", "d3-ease": "1 - 3", "d3-interpolate": "1 - 3", "d3-timer": "1 - 3" }, "peerDependencies": { "d3-selection": "2 - 3" } }, "sha512-ApKvfjsSR6tg06xrL434C0WydLr7JewBB3V+/39RMHsaXTOG0zmt/OAXeng5M5LBm0ojmxJrpomQVZ1aPvBL4w=="],

    "d3-zoom": ["d3-zoom@3.0.0", "", { "dependencies": { "d3-dispatch": "1 - 3", "d3-drag": "2 - 3", "d3-interpolate": "1 - 3", "d3-selection": "2 - 3", "d3-transition": "2 - 3" } }, "sha512-b8AmV3kfQaqWAuacbPuNbL6vahnOJflOhexLzMMNLga62+/nh0JzvJ0aO/5a5MVgUFGS7Hu1P9P03o3fJkDCyw=="],

    "decode-base64": ["decode-base64@3.0.2", "", { "dependencies": { "node-buffer-encoding": "^1.0.3" } }, "sha512-hgXhqIon8A1gznsTnvsyHFH+n2Jh20VVHnbiSDCBtpoaeCxpzbFJDtkWFVEaGF179d0y67Akdnxz4ipi/7Dcjg=="],

    "delaunator": ["delaunator@5.0.1", "", { "dependencies": { "robust-predicates": "^3.0.2" } }, "sha512-8nvh+XBe96aCESrGOqMp/84b13H9cdKbG5P2ejQCh4d4sK9RL4371qou9drQjMhvnPmhWl5hnmqbEE0fXr9Xnw=="],

    "emoji-regex": ["emoji-regex@8.0.0", "", {}, "sha512-MSjYzcWNOA0ewAHpz0MxpYFvwg6yjy1NG3xteoqz644VCo/RPgnr1/GGt+ic3iJTzQ8Eu3TdM14SawnVUmGE6A=="],

    "esbuild": ["esbuild@0.25.3", "", { "optionalDependencies": { "@esbuild/aix-ppc64": "0.25.3", "@esbuild/android-arm": "0.25.3", "@esbuild/android-arm64": "0.25.3", "@esbuild/android-x64": "0.25.3", "@esbuild/darwin-arm64": "0.25.3", "@esbuild/darwin-x64": "0.25.3", "@esbuild/freebsd-arm64": "0.25.3", "@esbuild/freebsd-x64": "0.25.3", "@esbuild/linux-arm": "0.25.3", "@esbuild/linux-arm64": "0.25.3", "@esbuild/linux-ia32": "0.25.3", "@esbuild/linux-loong64": "0.25.3", "@esbuild/linux-mips64el": "0.25.3", "@esbuild/linux-ppc64": "0.25.3", "@esbuild/linux-riscv64": "0.25.3", "@esbuild/linux-s390x": "0.25.3", "@esbuild/linux-x64": "0.25.3", "@esbuild/netbsd-arm64": "0.25.3", "@esbuild/netbsd-x64": "0.25.3", "@esbuild/openbsd-arm64": "0.25.3", "@esbuild/openbsd-x64": "0.25.3", "@esbuild/sunos-x64": "0.25.3", "@esbuild/win32-arm64": "0.25.3", "@esbuild/win32-ia32": "0.25.3", "@esbuild/win32-x64": "0.25.3" }, "bin": { "esbuild": "bin/esbuild" } }, "sha512-qKA6Pvai73+M2FtftpNKRxJ78GIjmFXFxd/1DVBqGo/qNhLSfv+G12n9pNoWdytJC8U00TrViOwpjT0zgqQS8Q=="],

    "escalade": ["escalade@3.2.0", "", {}, "sha512-WUj2qlxaQtO4g6Pq5c29GTcWGDyd8itL8zTlipgECz3JesAiiOKotd8JU6otB3PACgG6xkJUyVhboMS+bje/jA=="],

    "fdir": ["fdir@6.4.4", "", { "peerDependencies": { "picomatch": "^3 || ^4" }, "optionalPeers": ["picomatch"] }, "sha512-1NZP+GK4GfuAv3PqKvxQRDMjdSRZjnkq7KfhlNrCNNlZ0ygQFpebfrnfnq/W7fpUnAv9aGWmY1zKx7FYL3gwhg=="],

    "fsevents": ["fsevents@2.3.3", "", { "os": "darwin" }, "sha512-5xoDfX+fL7faATnagmWPpbFtwh/R77WmMMqqHGS65C3vvB0YHrgF+B1YmZ3441tMj5n63k0212XNoJwzlhffQw=="],

    "function-once": ["function-once@3.0.1", "", {}, "sha512-bE3E8REk4jANDot3l0sLFkXgywBwzFKsmbwdnVHLJUnt/3kV6dNG0oJJqoRBuS1Z9Lr4ZoQgwV0ZNLDgWDbv7Q=="],

    "get-caller-file": ["get-caller-file@2.0.5", "", {}, "sha512-DyFP3BM/3YHTQOCUL/w0OZHR0lpKeGrxotcHWcqNEdnltqFwXVfhEBQ94eIo34AfQpo0rGki4cyIiftY06h2Fg=="],

    "graphviz-wasm": ["graphviz-wasm@3.0.2", "", { "dependencies": { "decode-base64": "^3.0.1", "function-once": "^3.0.0" } }, "sha512-aaO9dxQ7LTk9zvelCajRRSdSB+ZLniL5DNSkuLXAfIAbVvYCqlLmxz4zWC2LBbNNT+w6vp8Du8SvAVxH1bSVBQ=="],

    "iconv-lite": ["iconv-lite@0.6.3", "", { "dependencies": { "safer-buffer": ">= 2.1.2 < 3.0.0" } }, "sha512-4fCk79wshMdzMp2rH06qWrJE4iolqLhCUH+OiuIgU++RB0+94NlDL81atO7GX55uUKueo0txHNtvEyI6D7WdMw=="],

    "internmap": ["internmap@2.0.3", "", {}, "sha512-5Hh7Y1wQbvY5ooGgPbDaL5iYLAPzMTUrjMulskHLH6wnv/A+1q5rgEaiuqEjB+oxGXIVZs1FF+R/KPN3ZSQYYg=="],

    "is-fullwidth-code-point": ["is-fullwidth-code-point@3.0.0", "", {}, "sha512-zymm5+u+sCsSWyD9qNaejV3DFvhCKclKdizYaJUuHA83RLjb7nSuGnddCHGv0hk+KY7BMAlsWeK4Ueg6EV6XQg=="],

    "nanoid": ["nanoid@3.3.11", "", { "bin": { "nanoid": "bin/nanoid.cjs" } }, "sha512-N8SpfPUnUp1bK+PMYW8qSWdl9U+wwNWI4QKxOYDy9JAro3WMX7p2OeVRF9v+347pnakNevPmiHhNmZ2HbFA76w=="],

    "node-buffer-encoding": ["node-buffer-encoding@1.0.3", "", {}, "sha512-9hJZNChhQoCN1rCFScJiEwtzvWEJw2wSnu2nhDLD/YOYl1Ce8GbtnorsnjwwjpSk4sWE7zSp2etX6j7+bO7fVA=="],

    "picocolors": ["picocolors@1.1.1", "", {}, "sha512-xceH2snhtb5M9liqDsmEw56le376mTZkEX/jEb/RxNFyegNul7eNslCXP9FDj/Lcu0X8KEyMceP2ntpaHrDEVA=="],

    "picomatch": ["picomatch@4.0.2", "", {}, "sha512-M7BAV6Rlcy5u+m6oPhAPFgJTzAioX/6B0DxyvDlo9l8+T3nLKbrczg2WLUyzd45L8RqfUMyGPzekbMvX2Ldkwg=="],

    "postcss": ["postcss@8.5.3", "", { "dependencies": { "nanoid": "^3.3.8", "picocolors": "^1.1.1", "source-map-js": "^1.2.1" } }, "sha512-dle9A3yYxlBSrt8Fu+IpjGT8SY8hN0mlaA6GY8t0P5PjIOZemULz/E2Bnm/2dcUOena75OTNkHI76uZBNUUq3A=="],

    "priorityqueuejs": ["priorityqueuejs@2.0.0", "", {}, "sha512-19BMarhgpq3x4ccvVi8k2QpJZcymo/iFUcrhPd4V96kYGovOdTsWwy7fxChYi4QY+m2EnGBWSX9Buakz+tWNQQ=="],

    "require-directory": ["require-directory@2.1.1", "", {}, "sha512-fGxEI7+wsG9xrvdjsrlmL22OMTTiHRwAMroiEeMgq8gzoLC/PQr7RsRDSTLUg/bZAZtF+TVIkHc6/4RIKrui+Q=="],

    "robust-predicates": ["robust-predicates@3.0.2", "", {}, "sha512-IXgzBWvWQwE6PrDI05OvmXUIruQTcoMDzRsOd5CDvHCVLcLHMTSYvOK5Cm46kWqlV3yAbuSpBZdJ5oP5OUoStg=="],

    "rollup": ["rollup@4.40.1", "", { "dependencies": { "@types/estree": "1.0.7" }, "optionalDependencies": { "@rollup/rollup-android-arm-eabi": "4.40.1", "@rollup/rollup-android-arm64": "4.40.1", "@rollup/rollup-darwin-arm64": "4.40.1", "@rollup/rollup-darwin-x64": "4.40.1", "@rollup/rollup-freebsd-arm64": "4.40.1", "@rollup/rollup-freebsd-x64": "4.40.1", "@rollup/rollup-linux-arm-gnueabihf": "4.40.1", "@rollup/rollup-linux-arm-musleabihf": "4.40.1", "@rollup/rollup-linux-arm64-gnu": "4.40.1", "@rollup/rollup-linux-arm64-musl": "4.40.1", "@rollup/rollup-linux-loongarch64-gnu": "4.40.1", "@rollup/rollup-linux-powerpc64le-gnu": "4.40.1", "@rollup/rollup-linux-riscv64-gnu": "4.40.1", "@rollup/rollup-linux-riscv64-musl": "4.40.1", "@rollup/rollup-linux-s390x-gnu": "4.40.1", "@rollup/rollup-linux-x64-gnu": "4.40.1", "@rollup/rollup-linux-x64-musl": "4.40.1", "@rollup/rollup-win32-arm64-msvc": "4.40.1", "@rollup/rollup-win32-ia32-msvc": "4.40.1", "@rollup/rollup-win32-x64-msvc": "4.40.1", "fsevents": "~2.3.2" }, "bin": { "rollup": "dist/bin/rollup" } }, "sha512-C5VvvgCCyfyotVITIAv+4efVytl5F7wt+/I2i9q9GZcEXW9BP52YYOXC58igUi+LFZVHukErIIqQSWwv/M3WRw=="],

    "rw": ["rw@1.3.3", "", {}, "sha512-PdhdWy89SiZogBLaw42zdeqtRJ//zFd2PgQavcICDUgJT5oW10QCRKbJ6bg4r0/UY2M6BWd5tkxuGFRvCkgfHQ=="],

    "safer-buffer": ["safer-buffer@2.1.2", "", {}, "sha512-YZo3K82SD7Riyi0E1EQPojLz7kpepnSQI9IyPbHHg1XXXevb5dJI7tpyN2ADxGcQbHG7vcyRHk0cbwqcQriUtg=="],

    "seedrandom": ["seedrandom@3.0.5", "", {}, "sha512-8OwmbklUNzwezjGInmZ+2clQmExQPvomqjL7LFqOYqtmuxRgQYqOD3mHaU+MvZn5FLUeVxVfQjwLZW/n/JFuqg=="],

    "source-map-js": ["source-map-js@1.2.1", "", {}, "sha512-UXWMKhLOwVKb728IUtQPXxfYU+usdybtUrK/8uGE8CQMvrhOpwvzDBwj0QhSL7MQc7vIsISBG8VQ8+IDQxpfQA=="],

    "string-width": ["string-width@4.2.3", "", { "dependencies": { "emoji-regex": "^8.0.0", "is-fullwidth-code-point": "^3.0.0", "strip-ansi": "^6.0.1" } }, "sha512-wKyQRQpjJ0sIp62ErSZdGsjMJWsap5oRNihHhu6G7JVO/9jIB6UyevL+tXuOqrng8j/cxKTWyWUwvSTriiZz/g=="],

    "strip-ansi": ["strip-ansi@6.0.1", "", { "dependencies": { "ansi-regex": "^5.0.1" } }, "sha512-Y38VPSHcqkFrCpFnQ9vuSXmquuv5oXOKpGeT6aGrr3o3Gc9AlVa6JBfUSOCnbxGGZF+/0ooI7KrPuUSztUdU5A=="],

    "tinyglobby": ["tinyglobby@0.2.13", "", { "dependencies": { "fdir": "^6.4.4", "picomatch": "^4.0.2" } }, "sha512-mEwzpUgrLySlveBwEVDMKk5B57bhLPYovRfPAXD5gA/98Opn0rCDj3GtLwFvCvH5RK9uPCExUROW5NjDwvqkxw=="],

    "ts-graphviz": ["ts-graphviz@2.1.6", "", { "dependencies": { "@ts-graphviz/adapter": "^2.0.6", "@ts-graphviz/ast": "^2.0.7", "@ts-graphviz/common": "^2.1.5", "@ts-graphviz/core": "^2.0.7" } }, "sha512-XyLVuhBVvdJTJr2FJJV2L1pc4MwSjMhcunRVgDE9k4wbb2ee7ORYnPewxMWUav12vxyfUM686MSGsqnVRIInuw=="],

    "typescript": ["typescript@5.7.3", "", { "bin": { "tsc": "bin/tsc", "tsserver": "bin/tsserver" } }, "sha512-84MVSjMEHP+FQRPy3pX9sTVV/INIex71s9TL2Gm5FG/WG1SqXeKyZ0k7/blY/4FdOzI12CBy1vGc4og/eus0fw=="],

    "vite": ["vite@6.3.4", "", { "dependencies": { "esbuild": "^0.25.0", "fdir": "^6.4.4", "picomatch": "^4.0.2", "postcss": "^8.5.3", "rollup": "^4.34.9", "tinyglobby": "^0.2.13" }, "optionalDependencies": { "fsevents": "~2.3.3" }, "peerDependencies": { "@types/node": "^18.0.0 || ^20.0.0 || >=22.0.0", "jiti": ">=1.21.0", "less": "*", "lightningcss": "^1.21.0", "sass": "*", "sass-embedded": "*", "stylus": "*", "sugarss": "*", "terser": "^5.16.0", "tsx": "^4.8.1", "yaml": "^2.4.2" }, "optionalPeers": ["@types/node", "jiti", "less", "lightningcss", "sass", "sass-embedded", "stylus", "sugarss", "terser", "tsx", "yaml"], "bin": { "vite": "bin/vite.js" } }, "sha512-BiReIiMS2fyFqbqNT/Qqt4CVITDU9M9vE+DKcVAsB+ZV0wvTKd+3hMbkpxz1b+NmEDMegpVbisKiAZOnvO92Sw=="],

    "wrap-ansi": ["wrap-ansi@7.0.0", "", { "dependencies": { "ansi-styles": "^4.0.0", "string-width": "^4.1.0", "strip-ansi": "^6.0.0" } }, "sha512-YVGIj2kamLSTxw6NsZjoBxfSwsn0ycdesmc4p+Q21c5zPuZ1pl+NfxVdxPtdHvmNVOQ6XSYG4AUtyt/Fi7D16Q=="],

    "y18n": ["y18n@5.0.8", "", {}, "sha512-0pfFzegeDWJHJIAmTLRP2DwHjdF5s7jo9tuztdQxAhINCdvS+3nGINqPd00AphqJR/0LhANUS6/+7SCb98YOfA=="],

    "yargs": ["yargs@17.7.2", "", { "dependencies": { "cliui": "^8.0.1", "escalade": "^3.1.1", "get-caller-file": "^2.0.5", "require-directory": "^2.1.1", "string-width": "^4.2.3", "y18n": "^5.0.5", "yargs-parser": "^21.1.1" } }, "sha512-7dSzzRQ++CKnNI/krKnYRV7JKKPUXMEh61soaHKg9mrWEhzFWhFnxPxGl+69cD1Ou63C13NUPCnmIcrvqCuM6w=="],

    "yargs-parser": ["yargs-parser@21.1.1", "", {}, "sha512-tVpsJW7DdjecAiFpbIB1e3qxIQsE6NoPc5/eTdrbbIC4h0LVsWhnoa3g+m2HclBIujHzsxZ4VJVA+GUuc2/LBw=="],
  }
}
